
Microsoft Visual Studio Solution File, Format Version 12.00
Project("{FAE04EC0-301F-11D3-BF4B-00C04F79EFBC}") = "Ideator.CLI", "Ideator.CLI\Ideator.CLI.csproj", "{49906C1F-5871-4A6F-BFD2-45C91A62927F}"
EndProject
Project("{FAE04EC0-301F-11D3-BF4B-00C04F79EFBC}") = "Ideator.Domain", "Ideator.Domain\Ideator.Domain.csproj", "{D7C155B5-EA31-4BC6-B678-328A0A07B550}"
EndProject
Project("{FAE04EC0-301F-11D3-BF4B-00C04F79EFBC}") = "Ideator.API", "Ideator.API\Ideator.API.csproj", "{B50CA76B-1575-468D-8E68-4B9FFEF31114}"
EndProject
Project("{2150E333-8FDC-42A3-9474-1A3956D46DE8}") = "Adapters", "Adapters", "{FB89B48D-DCA4-4B98-A1F8-719B84B2105D}"
EndProject
Project("{FAE04EC0-301F-11D3-BF4B-00C04F79EFBC}") = "Ideator.SocialMedia", "Ideator.SocialMedia\Ideator.SocialMedia.csproj", "{08530527-63B4-4102-980C-2646FB030D14}"
EndProject
Project("{FAE04EC0-301F-11D3-BF4B-00C04F79EFBC}") = "Ideator.Notifications", "Ideator.Notifications\Ideator.Notifications.csproj", "{B565F62D-2508-41A7-AF3A-F5C532D5782C}"
EndProject
Project("{FAE04EC0-301F-11D3-BF4B-00C04F79EFBC}") = "Ideator.ArticleDb", "Ideator.ArticleDb\Ideator.ArticleDb.csproj", "{D6D0531F-6089-4726-A954-F35FA02F9702}"
EndProject
Project("{FAE04EC0-301F-11D3-BF4B-00C04F79EFBC}") = "Ideator.AuthorService", "Ideator.AuthorService\Ideator.AuthorService.csproj", "{D3CCC790-5043-4685-A485-64667EE5FAA7}"
EndProject
Project("{FAE04EC0-301F-11D3-BF4B-00C04F79EFBC}") = "Ideator.MessageBroker", "Ideator.MessageBroker\Ideator.MessageBroker.csproj", "{271E260C-5921-49D3-B39E-17FC61817626}"
EndProject
Project("{FAE04EC0-301F-11D3-BF4B-00C04F79EFBC}") = "Ideator.Application", "Ideator.Application\Ideator.Application.csproj", "{2FEDD018-7EA0-400D-9F25-326E6C6BE299}"
EndProject
Project("{2150E333-8FDC-42A3-9474-1A3956D46DE8}") = "Domain", "Domain", "{8499D805-CFE3-49DA-BB8B-D610B74047EA}"
EndProject
Project("{2150E333-8FDC-42A3-9474-1A3956D46DE8}") = "Applications", "Applications", "{E0E888D1-9F29-4912-8C78-D28F603234BE}"
EndProject
Global
	GlobalSection(SolutionConfigurationPlatforms) = preSolution
		Debug|Any CPU = Debug|Any CPU
		Release|Any CPU = Release|Any CPU
	EndGlobalSection
	GlobalSection(ProjectConfigurationPlatforms) = postSolution
		{49906C1F-5871-4A6F-BFD2-45C91A62927F}.Debug|Any CPU.ActiveCfg = Debug|Any CPU
		{49906C1F-5871-4A6F-BFD2-45C91A62927F}.Debug|Any CPU.Build.0 = Debug|Any CPU
		{49906C1F-5871-4A6F-BFD2-45C91A62927F}.Release|Any CPU.ActiveCfg = Release|Any CPU
		{49906C1F-5871-4A6F-BFD2-45C91A62927F}.Release|Any CPU.Build.0 = Release|Any CPU
		{D7C155B5-EA31-4BC6-B678-328A0A07B550}.Debug|Any CPU.ActiveCfg = Debug|Any CPU
		{D7C155B5-EA31-4BC6-B678-328A0A07B550}.Debug|Any CPU.Build.0 = Debug|Any CPU
		{D7C155B5-EA31-4BC6-B678-328A0A07B550}.Release|Any CPU.ActiveCfg = Release|Any CPU
		{D7C155B5-EA31-4BC6-B678-328A0A07B550}.Release|Any CPU.Build.0 = Release|Any CPU
		{B50CA76B-1575-468D-8E68-4B9FFEF31114}.Debug|Any CPU.ActiveCfg = Debug|Any CPU
		{B50CA76B-1575-468D-8E68-4B9FFEF31114}.Debug|Any CPU.Build.0 = Debug|Any CPU
		{B50CA76B-1575-468D-8E68-4B9FFEF31114}.Release|Any CPU.ActiveCfg = Release|Any CPU
		{B50CA76B-1575-468D-8E68-4B9FFEF31114}.Release|Any CPU.Build.0 = Release|Any CPU
		{08530527-63B4-4102-980C-2646FB030D14}.Debug|Any CPU.ActiveCfg = Debug|Any CPU
		{08530527-63B4-4102-980C-2646FB030D14}.Debug|Any CPU.Build.0 = Debug|Any CPU
		{08530527-63B4-4102-980C-2646FB030D14}.Release|Any CPU.ActiveCfg = Release|Any CPU
		{08530527-63B4-4102-980C-2646FB030D14}.Release|Any CPU.Build.0 = Release|Any CPU
		{B565F62D-2508-41A7-AF3A-F5C532D5782C}.Debug|Any CPU.ActiveCfg = Debug|Any CPU
		{B565F62D-2508-41A7-AF3A-F5C532D5782C}.Debug|Any CPU.Build.0 = Debug|Any CPU
		{B565F62D-2508-41A7-AF3A-F5C532D5782C}.Release|Any CPU.ActiveCfg = Release|Any CPU
		{B565F62D-2508-41A7-AF3A-F5C532D5782C}.Release|Any CPU.Build.0 = Release|Any CPU
		{D6D0531F-6089-4726-A954-F35FA02F9702}.Debug|Any CPU.ActiveCfg = Debug|Any CPU
		{D6D0531F-6089-4726-A954-F35FA02F9702}.Debug|Any CPU.Build.0 = Debug|Any CPU
		{D6D0531F-6089-4726-A954-F35FA02F9702}.Release|Any CPU.ActiveCfg = Release|Any CPU
		{D6D0531F-6089-4726-A954-F35FA02F9702}.Release|Any CPU.Build.0 = Release|Any CPU
		{D3CCC790-5043-4685-A485-64667EE5FAA7}.Debug|Any CPU.ActiveCfg = Debug|Any CPU
		{D3CCC790-5043-4685-A485-64667EE5FAA7}.Debug|Any CPU.Build.0 = Debug|Any CPU
		{D3CCC790-5043-4685-A485-64667EE5FAA7}.Release|Any CPU.ActiveCfg = Release|Any CPU
		{D3CCC790-5043-4685-A485-64667EE5FAA7}.Release|Any CPU.Build.0 = Release|Any CPU
		{271E260C-5921-49D3-B39E-17FC61817626}.Debug|Any CPU.ActiveCfg = Debug|Any CPU
		{271E260C-5921-49D3-B39E-17FC61817626}.Debug|Any CPU.Build.0 = Debug|Any CPU
		{271E260C-5921-49D3-B39E-17FC61817626}.Release|Any CPU.ActiveCfg = Release|Any CPU
		{271E260C-5921-49D3-B39E-17FC61817626}.Release|Any CPU.Build.0 = Release|Any CPU
		{2FEDD018-7EA0-400D-9F25-326E6C6BE299}.Debug|Any CPU.ActiveCfg = Debug|Any CPU
		{2FEDD018-7EA0-400D-9F25-326E6C6BE299}.Debug|Any CPU.Build.0 = Debug|Any CPU
		{2FEDD018-7EA0-400D-9F25-326E6C6BE299}.Release|Any CPU.ActiveCfg = Release|Any CPU
		{2FEDD018-7EA0-400D-9F25-326E6C6BE299}.Release|Any CPU.Build.0 = Release|Any CPU
	EndGlobalSection
	GlobalSection(NestedProjects) = preSolution
		{08530527-63B4-4102-980C-2646FB030D14} = {FB89B48D-DCA4-4B98-A1F8-719B84B2105D}
		{B565F62D-2508-41A7-AF3A-F5C532D5782C} = {FB89B48D-DCA4-4B98-A1F8-719B84B2105D}
		{D6D0531F-6089-4726-A954-F35FA02F9702} = {FB89B48D-DCA4-4B98-A1F8-719B84B2105D}
		{D3CCC790-5043-4685-A485-64667EE5FAA7} = {FB89B48D-DCA4-4B98-A1F8-719B84B2105D}
		{271E260C-5921-49D3-B39E-17FC61817626} = {FB89B48D-DCA4-4B98-A1F8-719B84B2105D}
		{2FEDD018-7EA0-400D-9F25-326E6C6BE299} = {FB89B48D-DCA4-4B98-A1F8-719B84B2105D}
		{D7C155B5-EA31-4BC6-B678-328A0A07B550} = {8499D805-CFE3-49DA-BB8B-D610B74047EA}
		{B50CA76B-1575-468D-8E68-4B9FFEF31114} = {E0E888D1-9F29-4912-8C78-D28F603234BE}
		{49906C1F-5871-4A6F-BFD2-45C91A62927F} = {E0E888D1-9F29-4912-8C78-D28F603234BE}
	EndGlobalSection
EndGlobal
