
Microsoft Visual Studio Solution File, Format Version 12.00
Project("{2150E333-8FDC-42A3-9474-1A3956D46DE8}") = "src", "src", "{67387F06-D26F-4628-976C-3FA9631E1DEB}"
EndProject
Project("{2150E333-8FDC-42A3-9474-1A3956D46DE8}") = "tests", "tests", "{512AA62E-84D1-4898-80AD-F177D3B2E3B9}"
EndProject
Project("{FAE04EC0-301F-11D3-BF4B-00C04F79EFBC}") = "Domain", "src\Domain\Domain.csproj", "{E4895EE4-7DF9-4131-B1A7-9076F6D4E6C5}"
EndProject
Project("{FAE04EC0-301F-11D3-BF4B-00C04F79EFBC}") = "Infrastructure.ArticleDb", "src\Infrastructure.ArticleDb\Infrastructure.ArticleDb.csproj", "{F97D90D7-23A9-4DB0-AB8D-30A0CB376A1F}"
EndProject
Project("{FAE04EC0-301F-11D3-BF4B-00C04F79EFBC}") = "Infrastructure.AuthorService", "src\Infrastructure.AuthorService\Infrastructure.AuthorService.csproj", "{62BD270D-6DF4-4916-9ADC-3BD91888D6FB}"
EndProject
Project("{FAE04EC0-301F-11D3-BF4B-00C04F79EFBC}") = "Infrastructure.MessageBroker", "src\Infrastructure.MessageBroker\Infrastructure.MessageBroker.csproj", "{EF235367-FDF0-479E-B309-EDE0629FF790}"
EndProject
Project("{FAE04EC0-301F-11D3-BF4B-00C04F79EFBC}") = "Infrastructure.Notifications", "src\Infrastructure.Notifications\Infrastructure.Notifications.csproj", "{F756BA60-A54A-4898-9A60-98ED5C5F6078}"
EndProject
Project("{FAE04EC0-301F-11D3-BF4B-00C04F79EFBC}") = "Infrastructure.SocialMedia", "src\Infrastructure.SocialMedia\Infrastructure.SocialMedia.csproj", "{C2EEEC9D-0395-4E43-B0EF-F88BAAC4006D}"
EndProject
Project("{FAE04EC0-301F-11D3-BF4B-00C04F79EFBC}") = "Application", "src\Application\Application.csproj", "{42D0BA07-DF12-417A-B2A7-ACBE2BB012AB}"
EndProject
Project("{FAE04EC0-301F-11D3-BF4B-00C04F79EFBC}") = "Application.CLI", "src\Application.CLI\Application.CLI.csproj", "{9FDBAEFF-0457-4F47-93E7-74AFF2927DB9}"
EndProject
Project("{FAE04EC0-301F-11D3-BF4B-00C04F79EFBC}") = "Application.WebAPI", "src\Application.WebAPI\Application.WebAPI.csproj", "{7C0BDEC0-2063-4340-9BFE-BA3B86B02092}"
EndProject
Global
	GlobalSection(SolutionConfigurationPlatforms) = preSolution
		Debug|Any CPU = Debug|Any CPU
		Release|Any CPU = Release|Any CPU
	EndGlobalSection
	GlobalSection(ProjectConfigurationPlatforms) = postSolution
		{E4895EE4-7DF9-4131-B1A7-9076F6D4E6C5}.Debug|Any CPU.ActiveCfg = Debug|Any CPU
		{E4895EE4-7DF9-4131-B1A7-9076F6D4E6C5}.Debug|Any CPU.Build.0 = Debug|Any CPU
		{E4895EE4-7DF9-4131-B1A7-9076F6D4E6C5}.Release|Any CPU.ActiveCfg = Release|Any CPU
		{E4895EE4-7DF9-4131-B1A7-9076F6D4E6C5}.Release|Any CPU.Build.0 = Release|Any CPU
		{F97D90D7-23A9-4DB0-AB8D-30A0CB376A1F}.Debug|Any CPU.ActiveCfg = Debug|Any CPU
		{F97D90D7-23A9-4DB0-AB8D-30A0CB376A1F}.Debug|Any CPU.Build.0 = Debug|Any CPU
		{F97D90D7-23A9-4DB0-AB8D-30A0CB376A1F}.Release|Any CPU.ActiveCfg = Release|Any CPU
		{F97D90D7-23A9-4DB0-AB8D-30A0CB376A1F}.Release|Any CPU.Build.0 = Release|Any CPU
		{62BD270D-6DF4-4916-9ADC-3BD91888D6FB}.Debug|Any CPU.ActiveCfg = Debug|Any CPU
		{62BD270D-6DF4-4916-9ADC-3BD91888D6FB}.Debug|Any CPU.Build.0 = Debug|Any CPU
		{62BD270D-6DF4-4916-9ADC-3BD91888D6FB}.Release|Any CPU.ActiveCfg = Release|Any CPU
		{62BD270D-6DF4-4916-9ADC-3BD91888D6FB}.Release|Any CPU.Build.0 = Release|Any CPU
		{EF235367-FDF0-479E-B309-EDE0629FF790}.Debug|Any CPU.ActiveCfg = Debug|Any CPU
		{EF235367-FDF0-479E-B309-EDE0629FF790}.Debug|Any CPU.Build.0 = Debug|Any CPU
		{EF235367-FDF0-479E-B309-EDE0629FF790}.Release|Any CPU.ActiveCfg = Release|Any CPU
		{EF235367-FDF0-479E-B309-EDE0629FF790}.Release|Any CPU.Build.0 = Release|Any CPU
		{F756BA60-A54A-4898-9A60-98ED5C5F6078}.Debug|Any CPU.ActiveCfg = Debug|Any CPU
		{F756BA60-A54A-4898-9A60-98ED5C5F6078}.Debug|Any CPU.Build.0 = Debug|Any CPU
		{F756BA60-A54A-4898-9A60-98ED5C5F6078}.Release|Any CPU.ActiveCfg = Release|Any CPU
		{F756BA60-A54A-4898-9A60-98ED5C5F6078}.Release|Any CPU.Build.0 = Release|Any CPU
		{C2EEEC9D-0395-4E43-B0EF-F88BAAC4006D}.Debug|Any CPU.ActiveCfg = Debug|Any CPU
		{C2EEEC9D-0395-4E43-B0EF-F88BAAC4006D}.Debug|Any CPU.Build.0 = Debug|Any CPU
		{C2EEEC9D-0395-4E43-B0EF-F88BAAC4006D}.Release|Any CPU.ActiveCfg = Release|Any CPU
		{C2EEEC9D-0395-4E43-B0EF-F88BAAC4006D}.Release|Any CPU.Build.0 = Release|Any CPU
		{42D0BA07-DF12-417A-B2A7-ACBE2BB012AB}.Debug|Any CPU.ActiveCfg = Debug|Any CPU
		{42D0BA07-DF12-417A-B2A7-ACBE2BB012AB}.Debug|Any CPU.Build.0 = Debug|Any CPU
		{42D0BA07-DF12-417A-B2A7-ACBE2BB012AB}.Release|Any CPU.ActiveCfg = Release|Any CPU
		{42D0BA07-DF12-417A-B2A7-ACBE2BB012AB}.Release|Any CPU.Build.0 = Release|Any CPU
		{9FDBAEFF-0457-4F47-93E7-74AFF2927DB9}.Debug|Any CPU.ActiveCfg = Debug|Any CPU
		{9FDBAEFF-0457-4F47-93E7-74AFF2927DB9}.Debug|Any CPU.Build.0 = Debug|Any CPU
		{9FDBAEFF-0457-4F47-93E7-74AFF2927DB9}.Release|Any CPU.ActiveCfg = Release|Any CPU
		{9FDBAEFF-0457-4F47-93E7-74AFF2927DB9}.Release|Any CPU.Build.0 = Release|Any CPU
		{7C0BDEC0-2063-4340-9BFE-BA3B86B02092}.Debug|Any CPU.ActiveCfg = Debug|Any CPU
		{7C0BDEC0-2063-4340-9BFE-BA3B86B02092}.Debug|Any CPU.Build.0 = Debug|Any CPU
		{7C0BDEC0-2063-4340-9BFE-BA3B86B02092}.Release|Any CPU.ActiveCfg = Release|Any CPU
		{7C0BDEC0-2063-4340-9BFE-BA3B86B02092}.Release|Any CPU.Build.0 = Release|Any CPU
	EndGlobalSection
	GlobalSection(NestedProjects) = preSolution
		{E4895EE4-7DF9-4131-B1A7-9076F6D4E6C5} = {67387F06-D26F-4628-976C-3FA9631E1DEB}
		{F97D90D7-23A9-4DB0-AB8D-30A0CB376A1F} = {67387F06-D26F-4628-976C-3FA9631E1DEB}
		{62BD270D-6DF4-4916-9ADC-3BD91888D6FB} = {67387F06-D26F-4628-976C-3FA9631E1DEB}
		{EF235367-FDF0-479E-B309-EDE0629FF790} = {67387F06-D26F-4628-976C-3FA9631E1DEB}
		{F756BA60-A54A-4898-9A60-98ED5C5F6078} = {67387F06-D26F-4628-976C-3FA9631E1DEB}
		{C2EEEC9D-0395-4E43-B0EF-F88BAAC4006D} = {67387F06-D26F-4628-976C-3FA9631E1DEB}
		{42D0BA07-DF12-417A-B2A7-ACBE2BB012AB} = {67387F06-D26F-4628-976C-3FA9631E1DEB}
		{9FDBAEFF-0457-4F47-93E7-74AFF2927DB9} = {67387F06-D26F-4628-976C-3FA9631E1DEB}
		{7C0BDEC0-2063-4340-9BFE-BA3B86B02092} = {67387F06-D26F-4628-976C-3FA9631E1DEB}
	EndGlobalSection
EndGlobal
